// !$*UTF8*$!
{
	archiveVersion = 1;
	classes = {
	};
	objectVersion = 50;
	objects = {

/* Begin PBXBuildFile section */
		3ECC8A43237F1EDC007C2F6A /* AppDelegate.swift in Sources */ = {isa = PBXBuildFile; fileRef = 3ECC8A42237F1EDC007C2F6A /* AppDelegate.swift */; };
		3ECC8A45237F1EDC007C2F6A /* SceneDelegate.swift in Sources */ = {isa = PBXBuildFile; fileRef = 3ECC8A44237F1EDC007C2F6A /* SceneDelegate.swift */; };
		3ECC8A47237F1EDC007C2F6A /* ViewController.swift in Sources */ = {isa = PBXBuildFile; fileRef = 3ECC8A46237F1EDC007C2F6A /* ViewController.swift */; };
		3ECC8A4C237F1EDE007C2F6A /* Assets.xcassets in Resources */ = {isa = PBXBuildFile; fileRef = 3ECC8A4B237F1EDE007C2F6A /* Assets.xcassets */; };
		3ECC8A4F237F1EDE007C2F6A /* LaunchScreen.storyboard in Resources */ = {isa = PBXBuildFile; fileRef = 3ECC8A4D237F1EDE007C2F6A /* LaunchScreen.storyboard */; };
		3ECC8A57237F20E8007C2F6A /* Main.storyboard in Resources */ = {isa = PBXBuildFile; fileRef = 3ECC8A56237F20E8007C2F6A /* Main.storyboard */; };
/* End PBXBuildFile section */

/* Begin PBXFileReference section */
		3ECC8A3F237F1EDC007C2F6A /* AnimalClassifier.app */ = {isa = PBXFileReference; explicitFileType = wrapper.application; includeInIndex = 0; path = AnimalClassifier.app; sourceTree = BUILT_PRODUCTS_DIR; };
		3ECC8A42237F1EDC007C2F6A /* AppDelegate.swift */ = {isa = PBXFileReference; lastKnownFileType = sourcecode.swift; path = AppDelegate.swift; sourceTree = "<group>"; };
		3ECC8A44237F1EDC007C2F6A /* SceneDelegate.swift */ = {isa = PBXFileReference; lastKnownFileType = sourcecode.swift; path = SceneDelegate.swift; sourceTree = "<group>"; };
		3ECC8A46237F1EDC007C2F6A /* ViewController.swift */ = {isa = PBXFileReference; lastKnownFileType = sourcecode.swift; path = ViewController.swift; sourceTree = "<group>"; };
		3ECC8A4B237F1EDE007C2F6A /* Assets.xcassets */ = {isa = PBXFileReference; lastKnownFileType = folder.assetcatalog; path = Assets.xcassets; sourceTree = "<group>"; };
		3ECC8A4E237F1EDE007C2F6A /* Base */ = {isa = PBXFileReference; lastKnownFileType = file.storyboard; name = Base; path = Base.lproj/LaunchScreen.storyboard; sourceTree = "<group>"; };
		3ECC8A50237F1EDE007C2F6A /* Info.plist */ = {isa = PBXFileReference; lastKnownFileType = text.plist.xml; path = Info.plist; sourceTree = "<group>"; };
		3ECC8A56237F20E8007C2F6A /* Main.storyboard */ = {isa = PBXFileReference; fileEncoding = 4; lastKnownFileType = file.storyboard; path = Main.storyboard; sourceTree = "<group>"; };
/* End PBXFileReference section */

/* Begin PBXFrameworksBuildPhase section */
		3ECC8A3C237F1EDC007C2F6A /* Frameworks */ = {
			isa = PBXFrameworksBuildPhase;
			buildActionMask = 2147483647;
			files = (
			);
			runOnlyForDeploymentPostprocessing = 0;
		};
/* End PBXFrameworksBuildPhase section */

/* Begin PBXGroup section */
		3ECC8A36237F1EDC007C2F6A = {
			isa = PBXGroup;
			children = (
				3ECC8A41237F1EDC007C2F6A /* AnimalClassifier */,
				3ECC8A40237F1EDC007C2F6A /* Products */,
			);
			sourceTree = "<group>";
		};
		3ECC8A40237F1EDC007C2F6A /* Products */ = {
			isa = PBXGroup;
			children = (
				3ECC8A3F237F1EDC007C2F6A /* AnimalClassifier.app */,
			);
			name = Products;
			sourceTree = "<group>";
		};
		3ECC8A41237F1EDC007C2F6A /* AnimalClassifier */ = {
			isa = PBXGroup;
			children = (
				3ECC8A59237F32D5007C2F6A /* Controller */,
				3ECC8A58237F3224007C2F6A /* SupportFile */,
			);
			path = AnimalClassifier;
			sourceTree = "<group>";
		};
		3ECC8A58237F3224007C2F6A /* SupportFile */ = {
			isa = PBXGroup;
			children = (
				3ECC8A42237F1EDC007C2F6A /* AppDelegate.swift */,
				3ECC8A44237F1EDC007C2F6A /* SceneDelegate.swift */,
				3ECC8A4B237F1EDE007C2F6A /* Assets.xcassets */,
				3ECC8A50237F1EDE007C2F6A /* Info.plist */,
				3ECC8A56237F20E8007C2F6A /* Main.storyboard */,
				3ECC8A4D237F1EDE007C2F6A /* LaunchScreen.storyboard */,
			);
			path = SupportFile;
			sourceTree = "<group>";
		};
		3ECC8A59237F32D5007C2F6A /* Controller */ = {
			isa = PBXGroup;
			children = (
				3ECC8A46237F1EDC007C2F6A /* ViewController.swift */,
			);
			path = Controller;
			sourceTree = "<group>";
		};
/* End PBXGroup section */

/* Begin PBXNativeTarget section */
		3ECC8A3E237F1EDC007C2F6A /* AnimalClassifier */ = {
			isa = PBXNativeTarget;
			buildConfigurationList = 3ECC8A53237F1EDE007C2F6A /* Build configuration list for PBXNativeTarget "AnimalClassifier" */;
			buildPhases = (
				3ECC8A3B237F1EDC007C2F6A /* Sources */,
				3ECC8A3C237F1EDC007C2F6A /* Frameworks */,
				3ECC8A3D237F1EDC007C2F6A /* Resources */,
			);
			buildRules = (
			);
			dependencies = (
			);
			name = AnimalClassifier;
			productName = AnimalClassifier;
			productReference = 3ECC8A3F237F1EDC007C2F6A /* AnimalClassifier.app */;
			productType = "com.apple.product-type.application";
		};
/* End PBXNativeTarget section */

/* Begin PBXProject section */
		3ECC8A37237F1EDC007C2F6A /* Project object */ = {
			isa = PBXProject;
			attributes = {
				LastSwiftUpdateCheck = 1120;
				LastUpgradeCheck = 1120;
				ORGANIZATIONNAME = "yauheni prakapenka";
				TargetAttributes = {
					3ECC8A3E237F1EDC007C2F6A = {
						CreatedOnToolsVersion = 11.2.1;
					};
				};
			};
			buildConfigurationList = 3ECC8A3A237F1EDC007C2F6A /* Build configuration list for PBXProject "AnimalClassifier" */;
			compatibilityVersion = "Xcode 9.3";
			developmentRegion = en;
			hasScannedForEncodings = 0;
			knownRegions = (
				en,
				Base,
			);
			mainGroup = 3ECC8A36237F1EDC007C2F6A;
			productRefGroup = 3ECC8A40237F1EDC007C2F6A /* Products */;
			projectDirPath = "";
			projectRoot = "";
			targets = (
				3ECC8A3E237F1EDC007C2F6A /* AnimalClassifier */,
			);
		};
/* End PBXProject section */

/* Begin PBXResourcesBuildPhase section */
		3ECC8A3D237F1EDC007C2F6A /* Resources */ = {
			isa = PBXResourcesBuildPhase;
			buildActionMask = 2147483647;
			files = (
				3ECC8A57237F20E8007C2F6A /* Main.storyboard in Resources */,
				3ECC8A4F237F1EDE007C2F6A /* LaunchScreen.storyboard in Resources */,
				3ECC8A4C237F1EDE007C2F6A /* Assets.xcassets in Resources */,
			);
			runOnlyForDeploymentPostprocessing = 0;
		};
/* End PBXResourcesBuildPhase section */

/* Begin PBXSourcesBuildPhase section */
		3ECC8A3B237F1EDC007C2F6A /* Sources */ = {
			isa = PBXSourcesBuildPhase;
			buildActionMask = 2147483647;
			files = (
				3ECC8A47237F1EDC007C2F6A /* ViewController.swift in Sources */,
				3ECC8A43237F1EDC007C2F6A /* AppDelegate.swift in Sources */,
				3ECC8A45237F1EDC007C2F6A /* SceneDelegate.swift in Sources */,
			);
			runOnlyForDeploymentPostprocessing = 0;
		};
/* End PBXSourcesBuildPhase section */

/* Begin PBXVariantGroup section */
		3ECC8A4D237F1EDE007C2F6A /* LaunchScreen.storyboard */ = {
			isa = PBXVariantGroup;
			children = (
				3ECC8A4E237F1EDE007C2F6A /* Base */,
			);
			name = LaunchScreen.storyboard;
			sourceTree = "<group>";
		};
/* End PBXVariantGroup section */

/* Begin XCBuildConfiguration section */
		3ECC8A51237F1EDE007C2F6A /* Debug */ = {
			isa = XCBuildConfiguration;
			buildSettings = {
				ALWAYS_SEARCH_USER_PATHS = NO;
				CLANG_ANALYZER_NONNULL = YES;
				CLANG_ANALYZER_NUMBER_OBJECT_CONVERSION = YES_AGGRESSIVE;
				CLANG_CXX_LANGUAGE_STANDARD = "gnu++14";
				CLANG_CXX_LIBRARY = "libc++";
				CLANG_ENABLE_MODULES = YES;
				CLANG_ENABLE_OBJC_ARC = YES;
				CLANG_ENABLE_OBJC_WEAK = YES;
				CLANG_WARN_BLOCK_CAPTURE_AUTORELEASING = YES;
				CLANG_WARN_BOOL_CONVERSION = YES;
				CLANG_WARN_COMMA = YES;
				CLANG_WARN_CONSTANT_CONVERSION = YES;
				CLANG_WARN_DEPRECATED_OBJC_IMPLEMENTATIONS = YES;
				CLANG_WARN_DIRECT_OBJC_ISA_USAGE = YES_ERROR;
				CLANG_WARN_DOCUMENTATION_COMMENTS = YES;
				CLANG_WARN_EMPTY_BODY = YES;
				CLANG_WARN_ENUM_CONVERSION = YES;
				CLANG_WARN_INFINITE_RECURSION = YES;
				CLANG_WARN_INT_CONVERSION = YES;
				CLANG_WARN_NON_LITERAL_NULL_CONVERSION = YES;
				CLANG_WARN_OBJC_IMPLICIT_RETAIN_SELF = YES;
				CLANG_WARN_OBJC_LITERAL_CONVERSION = YES;
				CLANG_WARN_OBJC_ROOT_CLASS = YES_ERROR;
				CLANG_WARN_RANGE_LOOP_ANALYSIS = YES;
				CLANG_WARN_STRICT_PROTOTYPES = YES;
				CLANG_WARN_SUSPICIOUS_MOVE = YES;
				CLANG_WARN_UNGUARDED_AVAILABILITY = YES_AGGRESSIVE;
				CLANG_WARN_UNREACHABLE_CODE = YES;
				CLANG_WARN__DUPLICATE_METHOD_MATCH = YES;
				COPY_PHASE_STRIP = NO;
				DEBUG_INFORMATION_FORMAT = dwarf;
				ENABLE_STRICT_OBJC_MSGSEND = YES;
				ENABLE_TESTABILITY = YES;
				GCC_C_LANGUAGE_STANDARD = gnu11;
				GCC_DYNAMIC_NO_PIC = NO;
				GCC_NO_COMMON_BLOCKS = YES;
				GCC_OPTIMIZATION_LEVEL = 0;
				GCC_PREPROCESSOR_DEFINITIONS = (
					"DEBUG=1",
					"$(inherited)",
				);
				GCC_WARN_64_TO_32_BIT_CONVERSION = YES;
				GCC_WARN_ABOUT_RETURN_TYPE = YES_ERROR;
				GCC_WARN_UNDECLARED_SELECTOR = YES;
				GCC_WARN_UNINITIALIZED_AUTOS = YES_AGGRESSIVE;
				GCC_WARN_UNUSED_FUNCTION = YES;
				GCC_WARN_UNUSED_VARIABLE = YES;
				IPHONEOS_DEPLOYMENT_TARGET = 13.2;
				MTL_ENABLE_DEBUG_INFO = INCLUDE_SOURCE;
				MTL_FAST_MATH = YES;
				ONLY_ACTIVE_ARCH = YES;
				SDKROOT = iphoneos;
				SWIFT_ACTIVE_COMPILATION_CONDITIONS = DEBUG;
				SWIFT_OPTIMIZATION_LEVEL = "-Onone";
			};
			name = Debug;
		};
		3ECC8A52237F1EDE007C2F6A /* Release */ = {
			isa = XCBuildConfiguration;
			buildSettings = {
				ALWAYS_SEARCH_USER_PATHS = NO;
				CLANG_ANALYZER_NONNULL = YES;
				CLANG_ANALYZER_NUMBER_OBJECT_CONVERSION = YES_AGGRESSIVE;
				CLANG_CXX_LANGUAGE_STANDARD = "gnu++14";
				CLANG_CXX_LIBRARY = "libc++";
				CLANG_ENABLE_MODULES = YES;
				CLANG_ENABLE_OBJC_ARC = YES;
				CLANG_ENABLE_OBJC_WEAK = YES;
				CLANG_WARN_BLOCK_CAPTURE_AUTORELEASING = YES;
				CLANG_WARN_BOOL_CONVERSION = YES;
				CLANG_WARN_COMMA = YES;
				CLANG_WARN_CONSTANT_CONVERSION = YES;
				CLANG_WARN_DEPRECATED_OBJC_IMPLEMENTATIONS = YES;
				CLANG_WARN_DIRECT_OBJC_ISA_USAGE = YES_ERROR;
				CLANG_WARN_DOCUMENTATION_COMMENTS = YES;
				CLANG_WARN_EMPTY_BODY = YES;
				CLANG_WARN_ENUM_CONVERSION = YES;
				CLANG_WARN_INFINITE_RECURSION = YES;
				CLANG_WARN_INT_CONVERSION = YES;
				CLANG_WARN_NON_LITERAL_NULL_CONVERSION = YES;
				CLANG_WARN_OBJC_IMPLICIT_RETAIN_SELF = YES;
				CLANG_WARN_OBJC_LITERAL_CONVERSION = YES;
				CLANG_WARN_OBJC_ROOT_CLASS = YES_ERROR;
				CLANG_WARN_RANGE_LOOP_ANALYSIS = YES;
				CLANG_WARN_STRICT_PROTOTYPES = YES;
				CLANG_WARN_SUSPICIOUS_MOVE = YES;
				CLANG_WARN_UNGUARDED_AVAILABILITY = YES_AGGRESSIVE;
				CLANG_WARN_UNREACHABLE_CODE = YES;
				CLANG_WARN__DUPLICATE_METHOD_MATCH = YES;
				COPY_PHASE_STRIP = NO;
				DEBUG_INFORMATION_FORMAT = "dwarf-with-dsym";
				ENABLE_NS_ASSERTIONS = NO;
				ENABLE_STRICT_OBJC_MSGSEND = YES;
				GCC_C_LANGUAGE_STANDARD = gnu11;
				GCC_NO_COMMON_BLOCKS = YES;
				GCC_WARN_64_TO_32_BIT_CONVERSION = YES;
				GCC_WARN_ABOUT_RETURN_TYPE = YES_ERROR;
				GCC_WARN_UNDECLARED_SELECTOR = YES;
				GCC_WARN_UNINITIALIZED_AUTOS = YES_AGGRESSIVE;
				GCC_WARN_UNUSED_FUNCTION = YES;
				GCC_WARN_UNUSED_VARIABLE = YES;
				IPHONEOS_DEPLOYMENT_TARGET = 13.2;
				MTL_ENABLE_DEBUG_INFO = NO;
				MTL_FAST_MATH = YES;
				SDKROOT = iphoneos;
				SWIFT_COMPILATION_MODE = wholemodule;
				SWIFT_OPTIMIZATION_LEVEL = "-O";
				VALIDATE_PRODUCT = YES;
			};
			name = Release;
		};
		3ECC8A54237F1EDE007C2F6A /* Debug */ = {
			isa = XCBuildConfiguration;
			buildSettings = {
				ASSETCATALOG_COMPILER_APPICON_NAME = AppIcon;
				CODE_SIGN_STYLE = Automatic;
				DEVELOPMENT_TEAM = 2H6CKN6S5G;
				INFOPLIST_FILE = AnimalClassifier/SupportFile/Info.plist;
				LD_RUNPATH_SEARCH_PATHS = (
					"$(inherited)",
					"@executable_path/Frameworks",
				);
				PRODUCT_BUNDLE_IDENTIFIER = com.yauheniprakapenka.AnimalClassifier;
				PRODUCT_NAME = "$(TARGET_NAME)";
				SWIFT_VERSION = 5.0;
				TARGETED_DEVICE_FAMILY = 1;
			};
			name = Debug;
		};
		3ECC8A55237F1EDE007C2F6A /* Release */ = {
			isa = XCBuildConfiguration;
			buildSettings = {
				ASSETCATALOG_COMPILER_APPICON_NAME = AppIcon;
				CODE_SIGN_STYLE = Automatic;
				DEVELOPMENT_TEAM = 2H6CKN6S5G;
				INFOPLIST_FILE = AnimalClassifier/SupportFile/Info.plist;
				LD_RUNPATH_SEARCH_PATHS = (
					"$(inherited)",
					"@executable_path/Frameworks",
				);
				PRODUCT_BUNDLE_IDENTIFIER = com.yauheniprakapenka.AnimalClassifier;
				PRODUCT_NAME = "$(TARGET_NAME)";
				SWIFT_VERSION = 5.0;
				TARGETED_DEVICE_FAMILY = 1;
			};
			name = Release;
		};
/* End XCBuildConfiguration section */

/* Begin XCConfigurationList section */
		3ECC8A3A237F1EDC007C2F6A /* Build configuration list for PBXProject "AnimalClassifier" */ = {
			isa = XCConfigurationList;
			buildConfigurations = (
				3ECC8A51237F1EDE007C2F6A /* Debug */,
				3ECC8A52237F1EDE007C2F6A /* Release */,
			);
			defaultConfigurationIsVisible = 0;
			defaultConfigurationName = Release;
		};
		3ECC8A53237F1EDE007C2F6A /* Build configuration list for PBXNativeTarget "AnimalClassifier" */ = {
			isa = XCConfigurationList;
			buildConfigurations = (
				3ECC8A54237F1EDE007C2F6A /* Debug */,
				3ECC8A55237F1EDE007C2F6A /* Release */,
			);
			defaultConfigurationIsVisible = 0;
			defaultConfigurationName = Release;
		};
/* End XCConfigurationList section */
	};
	rootObject = 3ECC8A37237F1EDC007C2F6A /* Project object */;
}
