// !$*UTF8*$!
{
	archiveVersion = 1;
	classes = {
	};
	objectVersion = 51;
	objects = {

/* Begin PBXBuildFile section */
		3E1856602391B40B00907678 /* Shake.swift in Sources */ = {isa = PBXBuildFile; fileRef = 3E18565F2391B40B00907678 /* Shake.swift */; };
		3E18566323924DD400907678 /* GlobalSetting.swift in Sources */ = {isa = PBXBuildFile; fileRef = 3E18566223924DD400907678 /* GlobalSetting.swift */; };
		3E3A71F9238C6435000C17C2 /* BoosterViewController.swift in Sources */ = {isa = PBXBuildFile; fileRef = 3E3A71F8238C6435000C17C2 /* BoosterViewController.swift */; };
		3E665E152392FAC8004C0A0B /* DotsViewController.swift in Sources */ = {isa = PBXBuildFile; fileRef = 3E665E142392FAC8004C0A0B /* DotsViewController.swift */; };
		3E731C1F2393041300C0C639 /* ConnectionView.swift in Sources */ = {isa = PBXBuildFile; fileRef = 3E731C1E2393041300C0C639 /* ConnectionView.swift */; };
		3ECC8A43237F1EDC007C2F6A /* AppDelegate.swift in Sources */ = {isa = PBXBuildFile; fileRef = 3ECC8A42237F1EDC007C2F6A /* AppDelegate.swift */; };
		3ECC8A45237F1EDC007C2F6A /* SceneDelegate.swift in Sources */ = {isa = PBXBuildFile; fileRef = 3ECC8A44237F1EDC007C2F6A /* SceneDelegate.swift */; };
		3ECC8A47237F1EDC007C2F6A /* ViewController.swift in Sources */ = {isa = PBXBuildFile; fileRef = 3ECC8A46237F1EDC007C2F6A /* ViewController.swift */; };
		3ECC8A4C237F1EDE007C2F6A /* Assets.xcassets in Resources */ = {isa = PBXBuildFile; fileRef = 3ECC8A4B237F1EDE007C2F6A /* Assets.xcassets */; };
		3ECC8A4F237F1EDE007C2F6A /* LaunchScreen.storyboard in Resources */ = {isa = PBXBuildFile; fileRef = 3ECC8A4D237F1EDE007C2F6A /* LaunchScreen.storyboard */; };
		3ECC8A57237F20E8007C2F6A /* Main.storyboard in Resources */ = {isa = PBXBuildFile; fileRef = 3ECC8A56237F20E8007C2F6A /* Main.storyboard */; };
		3ECC8A5B237FDB13007C2F6A /* PhotoCollectionViewController.swift in Sources */ = {isa = PBXBuildFile; fileRef = 3ECC8A5A237FDB13007C2F6A /* PhotoCollectionViewController.swift */; };
		3ECC8A60237FF7DC007C2F6A /* UnsplashNetworkService.swift in Sources */ = {isa = PBXBuildFile; fileRef = 3ECC8A5F237FF7DC007C2F6A /* UnsplashNetworkService.swift */; };
		3ECC8A62237FF84F007C2F6A /* NetworkDataFetcher.swift in Sources */ = {isa = PBXBuildFile; fileRef = 3ECC8A61237FF84F007C2F6A /* NetworkDataFetcher.swift */; };
		3ECC8A64237FF894007C2F6A /* SearchResultModel.swift in Sources */ = {isa = PBXBuildFile; fileRef = 3ECC8A63237FF894007C2F6A /* SearchResultModel.swift */; };
		3ECC8A6823800364007C2F6A /* PhotosCell.swift in Sources */ = {isa = PBXBuildFile; fileRef = 3ECC8A6723800364007C2F6A /* PhotosCell.swift */; };
		3EF7A088238992B800F8BFAE /* AirplaneAndRobotViewController.swift in Sources */ = {isa = PBXBuildFile; fileRef = 3EF7A087238992B800F8BFAE /* AirplaneAndRobotViewController.swift */; };
		3EF7A0892389956300F8BFAE /* RoboMan.rcproject in Sources */ = {isa = PBXBuildFile; fileRef = 3EF7A086238981C300F8BFAE /* RoboMan.rcproject */; };
		8E893EEDFA39D23C021869FE /* Pods_AnimalClassifier.framework in Frameworks */ = {isa = PBXBuildFile; fileRef = 0D059FF3C19F5369840596F0 /* Pods_AnimalClassifier.framework */; };
/* End PBXBuildFile section */

/* Begin PBXFileReference section */
		0D059FF3C19F5369840596F0 /* Pods_AnimalClassifier.framework */ = {isa = PBXFileReference; explicitFileType = wrapper.framework; includeInIndex = 0; path = Pods_AnimalClassifier.framework; sourceTree = BUILT_PRODUCTS_DIR; };
		2BB7A6B922E589DEFBD7EC9B /* Pods-AnimalClassifier.debug.xcconfig */ = {isa = PBXFileReference; includeInIndex = 1; lastKnownFileType = text.xcconfig; name = "Pods-AnimalClassifier.debug.xcconfig"; path = "Target Support Files/Pods-AnimalClassifier/Pods-AnimalClassifier.debug.xcconfig"; sourceTree = "<group>"; };
		3E18565F2391B40B00907678 /* Shake.swift */ = {isa = PBXFileReference; lastKnownFileType = sourcecode.swift; path = Shake.swift; sourceTree = "<group>"; };
		3E18566223924DD400907678 /* GlobalSetting.swift */ = {isa = PBXFileReference; lastKnownFileType = sourcecode.swift; path = GlobalSetting.swift; sourceTree = "<group>"; };
		3E3A71F8238C6435000C17C2 /* BoosterViewController.swift */ = {isa = PBXFileReference; lastKnownFileType = sourcecode.swift; path = BoosterViewController.swift; sourceTree = "<group>"; };
		3E665E142392FAC8004C0A0B /* DotsViewController.swift */ = {isa = PBXFileReference; lastKnownFileType = sourcecode.swift; path = DotsViewController.swift; sourceTree = "<group>"; };
		3E731C1E2393041300C0C639 /* ConnectionView.swift */ = {isa = PBXFileReference; lastKnownFileType = sourcecode.swift; path = ConnectionView.swift; sourceTree = "<group>"; };
		3ECC8A3F237F1EDC007C2F6A /* AnimalClassifier.app */ = {isa = PBXFileReference; explicitFileType = wrapper.application; includeInIndex = 0; path = AnimalClassifier.app; sourceTree = BUILT_PRODUCTS_DIR; };
		3ECC8A42237F1EDC007C2F6A /* AppDelegate.swift */ = {isa = PBXFileReference; lastKnownFileType = sourcecode.swift; path = AppDelegate.swift; sourceTree = "<group>"; };
		3ECC8A44237F1EDC007C2F6A /* SceneDelegate.swift */ = {isa = PBXFileReference; lastKnownFileType = sourcecode.swift; path = SceneDelegate.swift; sourceTree = "<group>"; };
		3ECC8A46237F1EDC007C2F6A /* ViewController.swift */ = {isa = PBXFileReference; lastKnownFileType = sourcecode.swift; path = ViewController.swift; sourceTree = "<group>"; };
		3ECC8A4B237F1EDE007C2F6A /* Assets.xcassets */ = {isa = PBXFileReference; lastKnownFileType = folder.assetcatalog; path = Assets.xcassets; sourceTree = "<group>"; };
		3ECC8A4E237F1EDE007C2F6A /* Base */ = {isa = PBXFileReference; lastKnownFileType = file.storyboard; name = Base; path = Base.lproj/LaunchScreen.storyboard; sourceTree = "<group>"; };
		3ECC8A50237F1EDE007C2F6A /* Info.plist */ = {isa = PBXFileReference; lastKnownFileType = text.plist.xml; path = Info.plist; sourceTree = "<group>"; };
		3ECC8A56237F20E8007C2F6A /* Main.storyboard */ = {isa = PBXFileReference; fileEncoding = 4; lastKnownFileType = file.storyboard; path = Main.storyboard; sourceTree = "<group>"; };
		3ECC8A5A237FDB13007C2F6A /* PhotoCollectionViewController.swift */ = {isa = PBXFileReference; lastKnownFileType = sourcecode.swift; path = PhotoCollectionViewController.swift; sourceTree = "<group>"; };
		3ECC8A5F237FF7DC007C2F6A /* UnsplashNetworkService.swift */ = {isa = PBXFileReference; lastKnownFileType = sourcecode.swift; path = UnsplashNetworkService.swift; sourceTree = "<group>"; };
		3ECC8A61237FF84F007C2F6A /* NetworkDataFetcher.swift */ = {isa = PBXFileReference; lastKnownFileType = sourcecode.swift; path = NetworkDataFetcher.swift; sourceTree = "<group>"; };
		3ECC8A63237FF894007C2F6A /* SearchResultModel.swift */ = {isa = PBXFileReference; lastKnownFileType = sourcecode.swift; path = SearchResultModel.swift; sourceTree = "<group>"; };
		3ECC8A6723800364007C2F6A /* PhotosCell.swift */ = {isa = PBXFileReference; lastKnownFileType = sourcecode.swift; path = PhotosCell.swift; sourceTree = "<group>"; };
		3EF7A086238981C300F8BFAE /* RoboMan.rcproject */ = {isa = PBXFileReference; lastKnownFileType = file.rcproject; path = RoboMan.rcproject; sourceTree = "<group>"; };
		3EF7A087238992B800F8BFAE /* AirplaneAndRobotViewController.swift */ = {isa = PBXFileReference; lastKnownFileType = sourcecode.swift; path = AirplaneAndRobotViewController.swift; sourceTree = "<group>"; };
		FDD7BE478E22C40A9AE7C7D7 /* Pods-AnimalClassifier.release.xcconfig */ = {isa = PBXFileReference; includeInIndex = 1; lastKnownFileType = text.xcconfig; name = "Pods-AnimalClassifier.release.xcconfig"; path = "Target Support Files/Pods-AnimalClassifier/Pods-AnimalClassifier.release.xcconfig"; sourceTree = "<group>"; };
/* End PBXFileReference section */

/* Begin PBXFrameworksBuildPhase section */
		3ECC8A3C237F1EDC007C2F6A /* Frameworks */ = {
			isa = PBXFrameworksBuildPhase;
			buildActionMask = 2147483647;
			files = (
				8E893EEDFA39D23C021869FE /* Pods_AnimalClassifier.framework in Frameworks */,
			);
			runOnlyForDeploymentPostprocessing = 0;
		};
/* End PBXFrameworksBuildPhase section */

/* Begin PBXGroup section */
		35F3565779512EC2FCA5EFE1 /* Pods */ = {
			isa = PBXGroup;
			children = (
				2BB7A6B922E589DEFBD7EC9B /* Pods-AnimalClassifier.debug.xcconfig */,
				FDD7BE478E22C40A9AE7C7D7 /* Pods-AnimalClassifier.release.xcconfig */,
			);
			path = Pods;
			sourceTree = "<group>";
		};
		3E18565E2391B3FA00907678 /* Extension */ = {
			isa = PBXGroup;
			children = (
				3E18565F2391B40B00907678 /* Shake.swift */,
			);
			path = Extension;
			sourceTree = "<group>";
		};
		3E18566123924DAC00907678 /* Utilities */ = {
			isa = PBXGroup;
			children = (
				3E18566223924DD400907678 /* GlobalSetting.swift */,
			);
			path = Utilities;
			sourceTree = "<group>";
		};
		3E665E132392FAA7004C0A0B /* Dots */ = {
			isa = PBXGroup;
			children = (
				3E665E142392FAC8004C0A0B /* DotsViewController.swift */,
				3E731C1E2393041300C0C639 /* ConnectionView.swift */,
			);
			path = Dots;
			sourceTree = "<group>";
		};
		3EB2BA42238A974200DE8976 /* AirplaneAndRobot */ = {
			isa = PBXGroup;
			children = (
				3EF7A087238992B800F8BFAE /* AirplaneAndRobotViewController.swift */,
				3EF7A086238981C300F8BFAE /* RoboMan.rcproject */,
			);
			path = AirplaneAndRobot;
			sourceTree = "<group>";
		};
		3ECC8A36237F1EDC007C2F6A = {
			isa = PBXGroup;
			children = (
				3E665E132392FAA7004C0A0B /* Dots */,
				3EF7A0552389203200F8BFAE /* AugmentedReality */,
				3ECC8A41237F1EDC007C2F6A /* AnimalClassifier */,
				3ECC8A40237F1EDC007C2F6A /* Products */,
				35F3565779512EC2FCA5EFE1 /* Pods */,
				B2C214EA4B75B19941BE2EA3 /* Frameworks */,
			);
			sourceTree = "<group>";
		};
		3ECC8A40237F1EDC007C2F6A /* Products */ = {
			isa = PBXGroup;
			children = (
				3ECC8A3F237F1EDC007C2F6A /* AnimalClassifier.app */,
			);
			name = Products;
			sourceTree = "<group>";
		};
		3ECC8A41237F1EDC007C2F6A /* AnimalClassifier */ = {
			isa = PBXGroup;
			children = (
				3E18566123924DAC00907678 /* Utilities */,
				3E18565E2391B3FA00907678 /* Extension */,
				3ECC8A6623800327007C2F6A /* View */,
				3ECC8A59237F32D5007C2F6A /* Controller */,
				3ECC8A5E237FF798007C2F6A /* Network */,
				3ECC8A58237F3224007C2F6A /* SupportFile */,
			);
			path = AnimalClassifier;
			sourceTree = "<group>";
		};
		3ECC8A58237F3224007C2F6A /* SupportFile */ = {
			isa = PBXGroup;
			children = (
				3ECC8A42237F1EDC007C2F6A /* AppDelegate.swift */,
				3ECC8A44237F1EDC007C2F6A /* SceneDelegate.swift */,
				3ECC8A4B237F1EDE007C2F6A /* Assets.xcassets */,
				3ECC8A50237F1EDE007C2F6A /* Info.plist */,
				3ECC8A56237F20E8007C2F6A /* Main.storyboard */,
				3ECC8A4D237F1EDE007C2F6A /* LaunchScreen.storyboard */,
			);
			path = SupportFile;
			sourceTree = "<group>";
		};
		3ECC8A59237F32D5007C2F6A /* Controller */ = {
			isa = PBXGroup;
			children = (
				3ECC8A46237F1EDC007C2F6A /* ViewController.swift */,
				3ECC8A5A237FDB13007C2F6A /* PhotoCollectionViewController.swift */,
				3E3A71F8238C6435000C17C2 /* BoosterViewController.swift */,
			);
			path = Controller;
			sourceTree = "<group>";
		};
		3ECC8A5E237FF798007C2F6A /* Network */ = {
			isa = PBXGroup;
			children = (
				3ECC8A65237FFD68007C2F6A /* Unsplash */,
			);
			path = Network;
			sourceTree = "<group>";
		};
		3ECC8A65237FFD68007C2F6A /* Unsplash */ = {
			isa = PBXGroup;
			children = (
				3ECC8A5F237FF7DC007C2F6A /* UnsplashNetworkService.swift */,
				3ECC8A61237FF84F007C2F6A /* NetworkDataFetcher.swift */,
				3ECC8A63237FF894007C2F6A /* SearchResultModel.swift */,
			);
			path = Unsplash;
			sourceTree = "<group>";
		};
		3ECC8A6623800327007C2F6A /* View */ = {
			isa = PBXGroup;
			children = (
				3ECC8A6723800364007C2F6A /* PhotosCell.swift */,
			);
			path = View;
			sourceTree = "<group>";
		};
		3EF7A0552389203200F8BFAE /* AugmentedReality */ = {
			isa = PBXGroup;
			children = (
				3EB2BA42238A974200DE8976 /* AirplaneAndRobot */,
			);
			path = AugmentedReality;
			sourceTree = "<group>";
		};
		B2C214EA4B75B19941BE2EA3 /* Frameworks */ = {
			isa = PBXGroup;
			children = (
				0D059FF3C19F5369840596F0 /* Pods_AnimalClassifier.framework */,
			);
			name = Frameworks;
			sourceTree = "<group>";
		};
/* End PBXGroup section */

/* Begin PBXNativeTarget section */
		3ECC8A3E237F1EDC007C2F6A /* AnimalClassifier */ = {
			isa = PBXNativeTarget;
			buildConfigurationList = 3ECC8A53237F1EDE007C2F6A /* Build configuration list for PBXNativeTarget "AnimalClassifier" */;
			buildPhases = (
				42D8C497DA685F7FB56CA620 /* [CP] Check Pods Manifest.lock */,
				3ECC8A3B237F1EDC007C2F6A /* Sources */,
				3ECC8A3C237F1EDC007C2F6A /* Frameworks */,
				3ECC8A3D237F1EDC007C2F6A /* Resources */,
				50717034BC33A1C2E0895C3A /* [CP] Embed Pods Frameworks */,
			);
			buildRules = (
			);
			dependencies = (
			);
			name = AnimalClassifier;
			productName = AnimalClassifier;
			productReference = 3ECC8A3F237F1EDC007C2F6A /* AnimalClassifier.app */;
			productType = "com.apple.product-type.application";
		};
/* End PBXNativeTarget section */

/* Begin PBXProject section */
		3ECC8A37237F1EDC007C2F6A /* Project object */ = {
			isa = PBXProject;
			attributes = {
				LastSwiftUpdateCheck = 1120;
				LastUpgradeCheck = 1120;
				ORGANIZATIONNAME = "yauheni prakapenka";
				TargetAttributes = {
					3ECC8A3E237F1EDC007C2F6A = {
						CreatedOnToolsVersion = 11.2.1;
					};
				};
			};
			buildConfigurationList = 3ECC8A3A237F1EDC007C2F6A /* Build configuration list for PBXProject "AnimalClassifier" */;
			compatibilityVersion = "Xcode 9.3";
			developmentRegion = en;
			hasScannedForEncodings = 0;
			knownRegions = (
				en,
				Base,
			);
			mainGroup = 3ECC8A36237F1EDC007C2F6A;
			productRefGroup = 3ECC8A40237F1EDC007C2F6A /* Products */;
			projectDirPath = "";
			projectRoot = "";
			targets = (
				3ECC8A3E237F1EDC007C2F6A /* AnimalClassifier */,
			);
		};
/* End PBXProject section */

/* Begin PBXResourcesBuildPhase section */
		3ECC8A3D237F1EDC007C2F6A /* Resources */ = {
			isa = PBXResourcesBuildPhase;
			buildActionMask = 2147483647;
			files = (
				3ECC8A57237F20E8007C2F6A /* Main.storyboard in Resources */,
				3ECC8A4F237F1EDE007C2F6A /* LaunchScreen.storyboard in Resources */,
				3ECC8A4C237F1EDE007C2F6A /* Assets.xcassets in Resources */,
			);
			runOnlyForDeploymentPostprocessing = 0;
		};
/* End PBXResourcesBuildPhase section */

/* Begin PBXShellScriptBuildPhase section */
		42D8C497DA685F7FB56CA620 /* [CP] Check Pods Manifest.lock */ = {
			isa = PBXShellScriptBuildPhase;
			buildActionMask = 2147483647;
			files = (
			);
			inputFileListPaths = (
			);
			inputPaths = (
				"${PODS_PODFILE_DIR_PATH}/Podfile.lock",
				"${PODS_ROOT}/Manifest.lock",
			);
			name = "[CP] Check Pods Manifest.lock";
			outputFileListPaths = (
			);
			outputPaths = (
				"$(DERIVED_FILE_DIR)/Pods-AnimalClassifier-checkManifestLockResult.txt",
			);
			runOnlyForDeploymentPostprocessing = 0;
			shellPath = /bin/sh;
			shellScript = "diff \"${PODS_PODFILE_DIR_PATH}/Podfile.lock\" \"${PODS_ROOT}/Manifest.lock\" > /dev/null\nif [ $? != 0 ] ; then\n    # print error to STDERR\n    echo \"error: The sandbox is not in sync with the Podfile.lock. Run 'pod install' or update your CocoaPods installation.\" >&2\n    exit 1\nfi\n# This output is used by Xcode 'outputs' to avoid re-running this script phase.\necho \"SUCCESS\" > \"${SCRIPT_OUTPUT_FILE_0}\"\n";
			showEnvVarsInLog = 0;
		};
		50717034BC33A1C2E0895C3A /* [CP] Embed Pods Frameworks */ = {
			isa = PBXShellScriptBuildPhase;
			buildActionMask = 2147483647;
			files = (
			);
			inputFileListPaths = (
				"${PODS_ROOT}/Target Support Files/Pods-AnimalClassifier/Pods-AnimalClassifier-frameworks-${CONFIGURATION}-input-files.xcfilelist",
			);
			name = "[CP] Embed Pods Frameworks";
			outputFileListPaths = (
				"${PODS_ROOT}/Target Support Files/Pods-AnimalClassifier/Pods-AnimalClassifier-frameworks-${CONFIGURATION}-output-files.xcfilelist",
			);
			runOnlyForDeploymentPostprocessing = 0;
			shellPath = /bin/sh;
			shellScript = "\"${PODS_ROOT}/Target Support Files/Pods-AnimalClassifier/Pods-AnimalClassifier-frameworks.sh\"\n";
			showEnvVarsInLog = 0;
		};
/* End PBXShellScriptBuildPhase section */

/* Begin PBXSourcesBuildPhase section */
		3ECC8A3B237F1EDC007C2F6A /* Sources */ = {
			isa = PBXSourcesBuildPhase;
			buildActionMask = 2147483647;
			files = (
				3E18566323924DD400907678 /* GlobalSetting.swift in Sources */,
				3E731C1F2393041300C0C639 /* ConnectionView.swift in Sources */,
				3EF7A088238992B800F8BFAE /* AirplaneAndRobotViewController.swift in Sources */,
				3ECC8A62237FF84F007C2F6A /* NetworkDataFetcher.swift in Sources */,
				3E1856602391B40B00907678 /* Shake.swift in Sources */,
				3EF7A0892389956300F8BFAE /* RoboMan.rcproject in Sources */,
				3ECC8A47237F1EDC007C2F6A /* ViewController.swift in Sources */,
				3E665E152392FAC8004C0A0B /* DotsViewController.swift in Sources */,
				3ECC8A43237F1EDC007C2F6A /* AppDelegate.swift in Sources */,
				3ECC8A64237FF894007C2F6A /* SearchResultModel.swift in Sources */,
				3ECC8A6823800364007C2F6A /* PhotosCell.swift in Sources */,
				3ECC8A60237FF7DC007C2F6A /* UnsplashNetworkService.swift in Sources */,
				3ECC8A45237F1EDC007C2F6A /* SceneDelegate.swift in Sources */,
				3E3A71F9238C6435000C17C2 /* BoosterViewController.swift in Sources */,
				3ECC8A5B237FDB13007C2F6A /* PhotoCollectionViewController.swift in Sources */,
			);
			runOnlyForDeploymentPostprocessing = 0;
		};
/* End PBXSourcesBuildPhase section */

/* Begin PBXVariantGroup section */
		3ECC8A4D237F1EDE007C2F6A /* LaunchScreen.storyboard */ = {
			isa = PBXVariantGroup;
			children = (
				3ECC8A4E237F1EDE007C2F6A /* Base */,
			);
			name = LaunchScreen.storyboard;
			sourceTree = "<group>";
		};
/* End PBXVariantGroup section */

/* Begin XCBuildConfiguration section */
		3ECC8A51237F1EDE007C2F6A /* Debug */ = {
			isa = XCBuildConfiguration;
			buildSettings = {
				ALWAYS_SEARCH_USER_PATHS = NO;
				CLANG_ANALYZER_NONNULL = YES;
				CLANG_ANALYZER_NUMBER_OBJECT_CONVERSION = YES_AGGRESSIVE;
				CLANG_CXX_LANGUAGE_STANDARD = "gnu++14";
				CLANG_CXX_LIBRARY = "libc++";
				CLANG_ENABLE_MODULES = YES;
				CLANG_ENABLE_OBJC_ARC = YES;
				CLANG_ENABLE_OBJC_WEAK = YES;
				CLANG_WARN_BLOCK_CAPTURE_AUTORELEASING = YES;
				CLANG_WARN_BOOL_CONVERSION = YES;
				CLANG_WARN_COMMA = YES;
				CLANG_WARN_CONSTANT_CONVERSION = YES;
				CLANG_WARN_DEPRECATED_OBJC_IMPLEMENTATIONS = YES;
				CLANG_WARN_DIRECT_OBJC_ISA_USAGE = YES_ERROR;
				CLANG_WARN_DOCUMENTATION_COMMENTS = YES;
				CLANG_WARN_EMPTY_BODY = YES;
				CLANG_WARN_ENUM_CONVERSION = YES;
				CLANG_WARN_INFINITE_RECURSION = YES;
				CLANG_WARN_INT_CONVERSION = YES;
				CLANG_WARN_NON_LITERAL_NULL_CONVERSION = YES;
				CLANG_WARN_OBJC_IMPLICIT_RETAIN_SELF = YES;
				CLANG_WARN_OBJC_LITERAL_CONVERSION = YES;
				CLANG_WARN_OBJC_ROOT_CLASS = YES_ERROR;
				CLANG_WARN_RANGE_LOOP_ANALYSIS = YES;
				CLANG_WARN_STRICT_PROTOTYPES = YES;
				CLANG_WARN_SUSPICIOUS_MOVE = YES;
				CLANG_WARN_UNGUARDED_AVAILABILITY = YES_AGGRESSIVE;
				CLANG_WARN_UNREACHABLE_CODE = YES;
				CLANG_WARN__DUPLICATE_METHOD_MATCH = YES;
				COPY_PHASE_STRIP = NO;
				DEBUG_INFORMATION_FORMAT = dwarf;
				ENABLE_STRICT_OBJC_MSGSEND = YES;
				ENABLE_TESTABILITY = YES;
				GCC_C_LANGUAGE_STANDARD = gnu11;
				GCC_DYNAMIC_NO_PIC = NO;
				GCC_NO_COMMON_BLOCKS = YES;
				GCC_OPTIMIZATION_LEVEL = 0;
				GCC_PREPROCESSOR_DEFINITIONS = (
					"DEBUG=1",
					"$(inherited)",
				);
				GCC_WARN_64_TO_32_BIT_CONVERSION = YES;
				GCC_WARN_ABOUT_RETURN_TYPE = YES_ERROR;
				GCC_WARN_UNDECLARED_SELECTOR = YES;
				GCC_WARN_UNINITIALIZED_AUTOS = YES_AGGRESSIVE;
				GCC_WARN_UNUSED_FUNCTION = YES;
				GCC_WARN_UNUSED_VARIABLE = YES;
				IPHONEOS_DEPLOYMENT_TARGET = 13.2;
				MTL_ENABLE_DEBUG_INFO = INCLUDE_SOURCE;
				MTL_FAST_MATH = YES;
				ONLY_ACTIVE_ARCH = YES;
				SDKROOT = iphoneos;
				SWIFT_ACTIVE_COMPILATION_CONDITIONS = DEBUG;
				SWIFT_OPTIMIZATION_LEVEL = "-Onone";
			};
			name = Debug;
		};
		3ECC8A52237F1EDE007C2F6A /* Release */ = {
			isa = XCBuildConfiguration;
			buildSettings = {
				ALWAYS_SEARCH_USER_PATHS = NO;
				CLANG_ANALYZER_NONNULL = YES;
				CLANG_ANALYZER_NUMBER_OBJECT_CONVERSION = YES_AGGRESSIVE;
				CLANG_CXX_LANGUAGE_STANDARD = "gnu++14";
				CLANG_CXX_LIBRARY = "libc++";
				CLANG_ENABLE_MODULES = YES;
				CLANG_ENABLE_OBJC_ARC = YES;
				CLANG_ENABLE_OBJC_WEAK = YES;
				CLANG_WARN_BLOCK_CAPTURE_AUTORELEASING = YES;
				CLANG_WARN_BOOL_CONVERSION = YES;
				CLANG_WARN_COMMA = YES;
				CLANG_WARN_CONSTANT_CONVERSION = YES;
				CLANG_WARN_DEPRECATED_OBJC_IMPLEMENTATIONS = YES;
				CLANG_WARN_DIRECT_OBJC_ISA_USAGE = YES_ERROR;
				CLANG_WARN_DOCUMENTATION_COMMENTS = YES;
				CLANG_WARN_EMPTY_BODY = YES;
				CLANG_WARN_ENUM_CONVERSION = YES;
				CLANG_WARN_INFINITE_RECURSION = YES;
				CLANG_WARN_INT_CONVERSION = YES;
				CLANG_WARN_NON_LITERAL_NULL_CONVERSION = YES;
				CLANG_WARN_OBJC_IMPLICIT_RETAIN_SELF = YES;
				CLANG_WARN_OBJC_LITERAL_CONVERSION = YES;
				CLANG_WARN_OBJC_ROOT_CLASS = YES_ERROR;
				CLANG_WARN_RANGE_LOOP_ANALYSIS = YES;
				CLANG_WARN_STRICT_PROTOTYPES = YES;
				CLANG_WARN_SUSPICIOUS_MOVE = YES;
				CLANG_WARN_UNGUARDED_AVAILABILITY = YES_AGGRESSIVE;
				CLANG_WARN_UNREACHABLE_CODE = YES;
				CLANG_WARN__DUPLICATE_METHOD_MATCH = YES;
				COPY_PHASE_STRIP = NO;
				DEBUG_INFORMATION_FORMAT = "dwarf-with-dsym";
				ENABLE_NS_ASSERTIONS = NO;
				ENABLE_STRICT_OBJC_MSGSEND = YES;
				GCC_C_LANGUAGE_STANDARD = gnu11;
				GCC_NO_COMMON_BLOCKS = YES;
				GCC_WARN_64_TO_32_BIT_CONVERSION = YES;
				GCC_WARN_ABOUT_RETURN_TYPE = YES_ERROR;
				GCC_WARN_UNDECLARED_SELECTOR = YES;
				GCC_WARN_UNINITIALIZED_AUTOS = YES_AGGRESSIVE;
				GCC_WARN_UNUSED_FUNCTION = YES;
				GCC_WARN_UNUSED_VARIABLE = YES;
				IPHONEOS_DEPLOYMENT_TARGET = 13.2;
				MTL_ENABLE_DEBUG_INFO = NO;
				MTL_FAST_MATH = YES;
				SDKROOT = iphoneos;
				SWIFT_COMPILATION_MODE = wholemodule;
				SWIFT_OPTIMIZATION_LEVEL = "-O";
				VALIDATE_PRODUCT = YES;
			};
			name = Release;
		};
		3ECC8A54237F1EDE007C2F6A /* Debug */ = {
			isa = XCBuildConfiguration;
			baseConfigurationReference = 2BB7A6B922E589DEFBD7EC9B /* Pods-AnimalClassifier.debug.xcconfig */;
			buildSettings = {
				ASSETCATALOG_COMPILER_APPICON_NAME = AppIcon;
				CODE_SIGN_STYLE = Automatic;
				DEVELOPMENT_TEAM = 2H6CKN6S5G;
				INFOPLIST_FILE = AnimalClassifier/SupportFile/Info.plist;
				LD_RUNPATH_SEARCH_PATHS = (
					"$(inherited)",
					"@executable_path/Frameworks",
				);
				PRODUCT_BUNDLE_IDENTIFIER = com.yauheniprakapenka.AnimalClassifier;
				PRODUCT_NAME = "$(TARGET_NAME)";
				SWIFT_VERSION = 5.0;
				TARGETED_DEVICE_FAMILY = 1;
			};
			name = Debug;
		};
		3ECC8A55237F1EDE007C2F6A /* Release */ = {
			isa = XCBuildConfiguration;
			baseConfigurationReference = FDD7BE478E22C40A9AE7C7D7 /* Pods-AnimalClassifier.release.xcconfig */;
			buildSettings = {
				ASSETCATALOG_COMPILER_APPICON_NAME = AppIcon;
				CODE_SIGN_STYLE = Automatic;
				DEVELOPMENT_TEAM = 2H6CKN6S5G;
				INFOPLIST_FILE = AnimalClassifier/SupportFile/Info.plist;
				LD_RUNPATH_SEARCH_PATHS = (
					"$(inherited)",
					"@executable_path/Frameworks",
				);
				PRODUCT_BUNDLE_IDENTIFIER = com.yauheniprakapenka.AnimalClassifier;
				PRODUCT_NAME = "$(TARGET_NAME)";
				SWIFT_VERSION = 5.0;
				TARGETED_DEVICE_FAMILY = 1;
			};
			name = Release;
		};
/* End XCBuildConfiguration section */

/* Begin XCConfigurationList section */
		3ECC8A3A237F1EDC007C2F6A /* Build configuration list for PBXProject "AnimalClassifier" */ = {
			isa = XCConfigurationList;
			buildConfigurations = (
				3ECC8A51237F1EDE007C2F6A /* Debug */,
				3ECC8A52237F1EDE007C2F6A /* Release */,
			);
			defaultConfigurationIsVisible = 0;
			defaultConfigurationName = Release;
		};
		3ECC8A53237F1EDE007C2F6A /* Build configuration list for PBXNativeTarget "AnimalClassifier" */ = {
			isa = XCConfigurationList;
			buildConfigurations = (
				3ECC8A54237F1EDE007C2F6A /* Debug */,
				3ECC8A55237F1EDE007C2F6A /* Release */,
			);
			defaultConfigurationIsVisible = 0;
			defaultConfigurationName = Release;
		};
/* End XCConfigurationList section */
	};
	rootObject = 3ECC8A37237F1EDC007C2F6A /* Project object */;
}
